
Microsoft Visual Studio Solution File, Format Version 12.00
# Visual Studio Version 16
VisualStudioVersion = 16.0.30011.22
MinimumVisualStudioVersion = 10.0.40219.1
Project("{FAE04EC0-301F-11D3-BF4B-00C04F79EFBC}") = "CodeStoriesPersonalizer", "CodeStoriesPersonalizer\CodeStoriesPersonalizer.csproj", "{972C8B85-E7B4-41E4-A0CC-71E138CBAE7B}"
EndProject
Global
	GlobalSection(SolutionConfigurationPlatforms) = preSolution
		Debug|Any CPU = Debug|Any CPU
		Release|Any CPU = Release|Any CPU
	EndGlobalSection
	GlobalSection(ProjectConfigurationPlatforms) = postSolution
		{972C8B85-E7B4-41E4-A0CC-71E138CBAE7B}.Debug|Any CPU.ActiveCfg = Debug|Any CPU
		{972C8B85-E7B4-41E4-A0CC-71E138CBAE7B}.Debug|Any CPU.Build.0 = Debug|Any CPU
		{972C8B85-E7B4-41E4-A0CC-71E138CBAE7B}.Release|Any CPU.ActiveCfg = Release|Any CPU
		{972C8B85-E7B4-41E4-A0CC-71E138CBAE7B}.Release|Any CPU.Build.0 = Release|Any CPU
	EndGlobalSection
	GlobalSection(SolutionProperties) = preSolution
		HideSolutionNode = FALSE
	EndGlobalSection
	GlobalSection(ExtensibilityGlobals) = postSolution
		SolutionGuid = {91703009-131A-4499-AF4F-0CD03A752E61}
	EndGlobalSection
EndGlobal
